// !$*UTF8*$!
{
	archiveVersion = 1;
	classes = {
	};
	objectVersion = 77;
	objects = {

/* Begin PBXBuildFile section */
		0D1FCD6270C9C1C526110940 /* MJExtensionConst.m in Sources */ = {isa = PBXBuildFile; fileRef = 648AC83D59627C7486653388 /* MJExtensionConst.m */; };
		0E66FF9EC0F1E66CA80A4D7B /* NSString+MJExtension.m in Sources */ = {isa = PBXBuildFile; fileRef = 1059FE36AF595602600C3C50 /* NSString+MJExtension.m */; };
		15130A75880238D6029964A6 /* MJProperty.m in Sources */ = {isa = PBXBuildFile; fileRef = ABFA363507FA938649765A0C /* MJProperty.m */; };
		2455F8E1A8F19BFDBD0CBC26 /* FMDatabase.m in Sources */ = {isa = PBXBuildFile; fileRef = 126B3798591865520DC21E59 /* FMDatabase.m */; };
		3EFCE7376796A974E1FCA53C /* FMDatabaseQueue.m in Sources */ = {isa = PBXBuildFile; fileRef = 4054FB1842CC7B2FA2711E4A /* FMDatabaseQueue.m */; };
		4F918849DB868607775D7705 /* NSObject+MJCoding.m in Sources */ = {isa = PBXBuildFile; fileRef = 4A24B66B5C1DCAF03BAB32AB /* NSObject+MJCoding.m */; };
		65934DD915B4E35D3C11A4D8 /* MJPropertyKey.m in Sources */ = {isa = PBXBuildFile; fileRef = 47DC8101F0A7DC092B13FF48 /* MJPropertyKey.m */; };
		74128173F984778B853DD9B0 /* MJPropertyType.m in Sources */ = {isa = PBXBuildFile; fileRef = F4C2660BD56E9D70F3AC1E46 /* MJPropertyType.m */; };
		815F86CF9C5BC1F4BAA3BB86 /* FMDatabaseAdditions.m in Sources */ = {isa = PBXBuildFile; fileRef = C56A9DACFB4985C83EF629A6 /* FMDatabaseAdditions.m */; };
		AA5FF4AEFF975E525D67220C /* FMDatabasePool.m in Sources */ = {isa = PBXBuildFile; fileRef = 136A602C9C07535090BA5CCF /* FMDatabasePool.m */; };
		AAA171ED5343D72EAA9E7A78 /* MJFoundation.m in Sources */ = {isa = PBXBuildFile; fileRef = 82934F9F067AE6B016187303 /* MJFoundation.m */; };
		B7E63B6DA8052F4984CD23E6 /* NSObject+MJClass.m in Sources */ = {isa = PBXBuildFile; fileRef = E75E45F7EF629DF91B5C9ADA /* NSObject+MJClass.m */; };
		B88AD7EFAF49FAFE1DDE98B5 /* FMResultSet.m in Sources */ = {isa = PBXBuildFile; fileRef = 556FA9FF86AF5F65FA78777E /* FMResultSet.m */; };
		C2DD782C7B8BF8185A0546E9 /* NSObject+MJProperty.m in Sources */ = {isa = PBXBuildFile; fileRef = CBACF04D62E0A2A0CDE216BC /* NSObject+MJProperty.m */; };
		ED485C1939AD04B9540CB23E /* NSObject+MJKeyValue.m in Sources */ = {isa = PBXBuildFile; fileRef = A71C111CB8E6EDB02CD2CE94 /* NSObject+MJKeyValue.m */; };
		FE0000000000000000000203 /* SessionAttributes.swift in Sources */ = {isa = PBXBuildFile; fileRef = FE0000000000000000000202 /* SessionAttributes.swift */; };
		FE0000000000000000000281 /* NextBodyLiveActivity.appex in Embed Foundation Extensions */ = {isa = PBXBuildFile; fileRef = FE0000000000000000000201 /* NextBodyLiveActivity.appex */; settings = {ATTRIBUTES = (RemoveHeadersOnCopy, ); }; };
		FE0000000000000000000300 /* GoogleSignIn in Frameworks */ = {isa = PBXBuildFile; productRef = FE0000000000000000000301 /* GoogleSignIn */; };
		FE0000000000000000000403 /* WidgetFaceMath.swift in Sources */ = {isa = PBXBuildFile; fileRef = FE0000000000000000000402 /* WidgetFaceMath.swift */; };
		FE0000000000000000000405 /* FuelCardMath.swift in Sources */ = {isa = PBXBuildFile; fileRef = FE0000000000000000000404 /* FuelCardMath.swift */; };
		FE0000000000000000000407 /* WidgetBridge.swift in Sources */ = {isa = PBXBuildFile; fileRef = FE0000000000000000000406 /* WidgetBridge.swift */; };
		FEC000000000000000000001 /* RevenueCat in Frameworks */ = {isa = PBXBuildFile; productRef = FEC000000000000000000003 /* RevenueCat */; };
		FEC000000000000000000002 /* RevenueCatUI in Frameworks */ = {isa = PBXBuildFile; productRef = FEC000000000000000000004 /* RevenueCatUI */; };
/* End PBXBuildFile section */

/* Begin PBXContainerItemProxy section */
		FE0000000000000000000291 /* PBXContainerItemProxy */ = {
			isa = PBXContainerItemProxy;
			containerPortal = FE0000000000000000000060 /* Project object */;
			proxyType = 1;
			remoteGlobalIDString = FE0000000000000000000240;
			remoteInfo = NextBodyLiveActivity;
		};
/* End PBXContainerItemProxy section */

/* Begin PBXCopyFilesBuildPhase section */
		C6129A4EF2A29884924D1DAF /* Embed Frameworks */ = {
			isa = PBXCopyFilesBuildPhase;
			buildActionMask = 2147483647;
			dstPath = "";
			dstSubfolderSpec = 10;
			files = (
			);
			name = "Embed Frameworks";
			runOnlyForDeploymentPostprocessing = 0;
		};
		FE0000000000000000000280 /* Embed Foundation Extensions */ = {
			isa = PBXCopyFilesBuildPhase;
			buildActionMask = 2147483647;
			dstPath = "";
			dstSubfolderSpec = 13;
			files = (
				FE0000000000000000000281 /* NextBodyLiveActivity.appex in Embed Foundation Extensions */,
			);
			name = "Embed Foundation Extensions";
			runOnlyForDeploymentPostprocessing = 0;
		};
/* End PBXCopyFilesBuildPhase section */

/* Begin PBXFileReference section */
		1059FE36AF595602600C3C50 /* NSString+MJExtension.m */ = {isa = PBXFileReference; includeInIndex = 1; lastKnownFileType = sourcecode.c.objc; name = "NSString+MJExtension.m"; path = "Vendor/MJExtension/MJExtension/NSString+MJExtension.m"; sourceTree = "<group>"; };
		126B3798591865520DC21E59 /* FMDatabase.m */ = {isa = PBXFileReference; includeInIndex = 1; lastKnownFileType = sourcecode.c.objc; name = FMDatabase.m; path = Vendor/FMDB/src/fmdb/FMDatabase.m; sourceTree = "<group>"; };
		136A602C9C07535090BA5CCF /* FMDatabasePool.m */ = {isa = PBXFileReference; includeInIndex = 1; lastKnownFileType = sourcecode.c.objc; name = FMDatabasePool.m; path = Vendor/FMDB/src/fmdb/FMDatabasePool.m; sourceTree = "<group>"; };
		4054FB1842CC7B2FA2711E4A /* FMDatabaseQueue.m */ = {isa = PBXFileReference; includeInIndex = 1; lastKnownFileType = sourcecode.c.objc; name = FMDatabaseQueue.m; path = Vendor/FMDB/src/fmdb/FMDatabaseQueue.m; sourceTree = "<group>"; };
		47DC8101F0A7DC092B13FF48 /* MJPropertyKey.m */ = {isa = PBXFileReference; includeInIndex = 1; lastKnownFileType = sourcecode.c.objc; name = MJPropertyKey.m; path = Vendor/MJExtension/MJExtension/MJPropertyKey.m; sourceTree = "<group>"; };
		4A24B66B5C1DCAF03BAB32AB /* NSObject+MJCoding.m */ = {isa = PBXFileReference; includeInIndex = 1; lastKnownFileType = sourcecode.c.objc; name = "NSObject+MJCoding.m"; path = "Vendor/MJExtension/MJExtension/NSObject+MJCoding.m"; sourceTree = "<group>"; };
		556FA9FF86AF5F65FA78777E /* FMResultSet.m */ = {isa = PBXFileReference; includeInIndex = 1; lastKnownFileType = sourcecode.c.objc; name = FMResultSet.m; path = Vendor/FMDB/src/fmdb/FMResultSet.m; sourceTree = "<group>"; };
		648AC83D59627C7486653388 /* MJExtensionConst.m */ = {isa = PBXFileReference; includeInIndex = 1; lastKnownFileType = sourcecode.c.objc; name = MJExtensionConst.m; path = Vendor/MJExtension/MJExtension/MJExtensionConst.m; sourceTree = "<group>"; };
		82934F9F067AE6B016187303 /* MJFoundation.m */ = {isa = PBXFileReference; includeInIndex = 1; lastKnownFileType = sourcecode.c.objc; name = MJFoundation.m; path = Vendor/MJExtension/MJExtension/MJFoundation.m; sourceTree = "<group>"; };
		A71C111CB8E6EDB02CD2CE94 /* NSObject+MJKeyValue.m */ = {isa = PBXFileReference; includeInIndex = 1; lastKnownFileType = sourcecode.c.objc; name = "NSObject+MJKeyValue.m"; path = "Vendor/MJExtension/MJExtension/NSObject+MJKeyValue.m"; sourceTree = "<group>"; };
		ABFA363507FA938649765A0C /* MJProperty.m */ = {isa = PBXFileReference; includeInIndex = 1; lastKnownFileType = sourcecode.c.objc; name = MJProperty.m; path = Vendor/MJExtension/MJExtension/MJProperty.m; sourceTree = "<group>"; };
		C56A9DACFB4985C83EF629A6 /* FMDatabaseAdditions.m */ = {isa = PBXFileReference; includeInIndex = 1; lastKnownFileType = sourcecode.c.objc; name = FMDatabaseAdditions.m; path = Vendor/FMDB/src/fmdb/FMDatabaseAdditions.m; sourceTree = "<group>"; };
		CBACF04D62E0A2A0CDE216BC /* NSObject+MJProperty.m */ = {isa = PBXFileReference; includeInIndex = 1; lastKnownFileType = sourcecode.c.objc; name = "NSObject+MJProperty.m"; path = "Vendor/MJExtension/MJExtension/NSObject+MJProperty.m"; sourceTree = "<group>"; };
		E75E45F7EF629DF91B5C9ADA /* NSObject+MJClass.m */ = {isa = PBXFileReference; includeInIndex = 1; lastKnownFileType = sourcecode.c.objc; name = "NSObject+MJClass.m"; path = "Vendor/MJExtension/MJExtension/NSObject+MJClass.m"; sourceTree = "<group>"; };
		F4C2660BD56E9D70F3AC1E46 /* MJPropertyType.m */ = {isa = PBXFileReference; includeInIndex = 1; lastKnownFileType = sourcecode.c.objc; name = MJPropertyType.m; path = Vendor/MJExtension/MJExtension/MJPropertyType.m; sourceTree = "<group>"; };
		FE0000000000000000000001 /* NextBody.app */ = {isa = PBXFileReference; explicitFileType = wrapper.application; includeInIndex = 0; path = NextBody.app; sourceTree = BUILT_PRODUCTS_DIR; };
		FE0000000000000000000002 /* NextBody-Info.plist */ = {isa = PBXFileReference; lastKnownFileType = text.plist.xml; path = "NextBody-Info.plist"; sourceTree = "<group>"; };
		FE0000000000000000000003 /* Local.xcconfig */ = {isa = PBXFileReference; lastKnownFileType = text.xcconfig; path = Local.xcconfig; sourceTree = "<group>"; };
		FE0000000000000000000101 /* NextBodyUITests.xctest */ = {isa = PBXFileReference; explicitFileType = wrapper.cfbundle; includeInIndex = 0; path = NextBodyUITests.xctest; sourceTree = BUILT_PRODUCTS_DIR; };
		FE0000000000000000000201 /* NextBodyLiveActivity.appex */ = {isa = PBXFileReference; explicitFileType = "wrapper.app-extension"; includeInIndex = 0; path = NextBodyLiveActivity.appex; sourceTree = BUILT_PRODUCTS_DIR; };
		FE0000000000000000000202 /* SessionAttributes.swift */ = {isa = PBXFileReference; includeInIndex = 1; lastKnownFileType = sourcecode.swift; name = SessionAttributes.swift; path = NextBodyLiveActivity/SessionAttributes.swift; sourceTree = "<group>"; };
		FE0000000000000000000204 /* NextBodyLiveActivity-Info.plist */ = {isa = PBXFileReference; lastKnownFileType = text.plist.xml; path = "NextBodyLiveActivity-Info.plist"; sourceTree = "<group>"; };
		FE0000000000000000000402 /* WidgetFaceMath.swift */ = {isa = PBXFileReference; includeInIndex = 1; lastKnownFileType = sourcecode.swift; name = WidgetFaceMath.swift; path = NextBody/Services/Band/WidgetFaceMath.swift; sourceTree = "<group>"; };
		FE0000000000000000000404 /* FuelCardMath.swift */ = {isa = PBXFileReference; includeInIndex = 1; lastKnownFileType = sourcecode.swift; name = FuelCardMath.swift; path = NextBody/Services/Band/FuelCardMath.swift; sourceTree = "<group>"; };
		FE0000000000000000000406 /* WidgetBridge.swift */ = {isa = PBXFileReference; includeInIndex = 1; lastKnownFileType = sourcecode.swift; name = WidgetBridge.swift; path = NextBodyLiveActivity/WidgetBridge.swift; sourceTree = "<group>"; };
		FE0000000000000000000408 /* NextBodyLiveActivity.entitlements */ = {isa = PBXFileReference; lastKnownFileType = text.plist.entitlements; name = NextBodyLiveActivity.entitlements; path = NextBodyLiveActivity/NextBodyLiveActivity.entitlements; sourceTree = "<group>"; };
/* End PBXFileReference section */

/* Begin PBXFileSystemSynchronizedRootGroup section */
		FE0000000000000000000010 /* NextBody */ = {
			isa = PBXFileSystemSynchronizedRootGroup;
			path = NextBody;
			sourceTree = "<group>";
		};
		FE0000000000000000000110 /* NextBodyUITests */ = {
			isa = PBXFileSystemSynchronizedRootGroup;
			path = NextBodyUITests;
			sourceTree = "<group>";
		};
		FE0000000000000000000210 /* NextBodyLiveActivity */ = {
			isa = PBXFileSystemSynchronizedRootGroup;
			path = NextBodyLiveActivity;
			sourceTree = "<group>";
		};
/* End PBXFileSystemSynchronizedRootGroup section */

/* Begin PBXFrameworksBuildPhase section */
		FE0000000000000000000020 /* Frameworks */ = {
			isa = PBXFrameworksBuildPhase;
			buildActionMask = 2147483647;
			files = (
				FE0000000000000000000300 /* GoogleSignIn in Frameworks */,
				FEC000000000000000000001 /* RevenueCat in Frameworks */,
				FEC000000000000000000002 /* RevenueCatUI in Frameworks */,
			);
			runOnlyForDeploymentPostprocessing = 0;
		};
		FE0000000000000000000120 /* Frameworks */ = {
			isa = PBXFrameworksBuildPhase;
			buildActionMask = 2147483647;
			files = (
			);
			runOnlyForDeploymentPostprocessing = 0;
		};
		FE0000000000000000000220 /* Frameworks */ = {
			isa = PBXFrameworksBuildPhase;
			buildActionMask = 2147483647;
			files = (
			);
			runOnlyForDeploymentPostprocessing = 0;
		};
/* End PBXFrameworksBuildPhase section */

/* Begin PBXGroup section */
		CD68A12E29B4C208C27736DD /* Frameworks */ = {
			isa = PBXGroup;
			children = (
			);
			name = Frameworks;
			sourceTree = "<group>";
		};
		D2B0C378D2ED368E12A5D731 /* Vendor */ = {
			isa = PBXGroup;
			children = (
				4054FB1842CC7B2FA2711E4A /* FMDatabaseQueue.m */,
				C56A9DACFB4985C83EF629A6 /* FMDatabaseAdditions.m */,
				126B3798591865520DC21E59 /* FMDatabase.m */,
				136A602C9C07535090BA5CCF /* FMDatabasePool.m */,
				556FA9FF86AF5F65FA78777E /* FMResultSet.m */,
				F4C2660BD56E9D70F3AC1E46 /* MJPropertyType.m */,
				A71C111CB8E6EDB02CD2CE94 /* NSObject+MJKeyValue.m */,
				ABFA363507FA938649765A0C /* MJProperty.m */,
				4A24B66B5C1DCAF03BAB32AB /* NSObject+MJCoding.m */,
				648AC83D59627C7486653388 /* MJExtensionConst.m */,
				CBACF04D62E0A2A0CDE216BC /* NSObject+MJProperty.m */,
				E75E45F7EF629DF91B5C9ADA /* NSObject+MJClass.m */,
				1059FE36AF595602600C3C50 /* NSString+MJExtension.m */,
				47DC8101F0A7DC092B13FF48 /* MJPropertyKey.m */,
				82934F9F067AE6B016187303 /* MJFoundation.m */,
			);
			name = Vendor;
			sourceTree = "<group>";
		};
		FE0000000000000000000030 = {
			isa = PBXGroup;
			children = (
				FE0000000000000000000010 /* NextBody */,
				FE0000000000000000000210 /* NextBodyLiveActivity */,
				FE0000000000000000000205 /* Shared with the extension */,
				FE0000000000000000000110 /* NextBodyUITests */,
				FE0000000000000000000002 /* NextBody-Info.plist */,
				FE0000000000000000000204 /* NextBodyLiveActivity-Info.plist */,
				FE0000000000000000000003 /* Local.xcconfig */,
				FE0000000000000000000031 /* Products */,
				CD68A12E29B4C208C27736DD /* Frameworks */,
				D2B0C378D2ED368E12A5D731 /* Vendor */,
			);
			sourceTree = "<group>";
		};
		FE0000000000000000000031 /* Products */ = {
			isa = PBXGroup;
			children = (
				FE0000000000000000000001 /* NextBody.app */,
				FE0000000000000000000201 /* NextBodyLiveActivity.appex */,
				FE0000000000000000000101 /* NextBodyUITests.xctest */,
			);
			name = Products;
			sourceTree = "<group>";
		};
		FE0000000000000000000205 /* Shared with the extension */ = {
			isa = PBXGroup;
			children = (
				FE0000000000000000000202 /* SessionAttributes.swift */,
				FE0000000000000000000402 /* WidgetFaceMath.swift */,
				FE0000000000000000000404 /* FuelCardMath.swift */,
				FE0000000000000000000406 /* WidgetBridge.swift */,
				FE0000000000000000000408 /* NextBodyLiveActivity.entitlements */,
			);
			name = "Shared with the extension";
			sourceTree = "<group>";
		};
/* End PBXGroup section */

/* Begin PBXNativeTarget section */
		FE0000000000000000000040 /* NextBody */ = {
			isa = PBXNativeTarget;
			buildConfigurationList = FE0000000000000000000050 /* Build configuration list for PBXNativeTarget "NextBody" */;
			buildPhases = (
				FE0000000000000000000021 /* Sources */,
				FE0000000000000000000020 /* Frameworks */,
				FE0000000000000000000022 /* Resources */,
				C6129A4EF2A29884924D1DAF /* Embed Frameworks */,
				740129972202FAA10CA28326 /* Embed VeepooBleSDK (device only) */,
				FE0000000000000000000280 /* Embed Foundation Extensions */,
			);
			buildRules = (
			);
			dependencies = (
				FE0000000000000000000290 /* PBXTargetDependency */,
			);
			fileSystemSynchronizedGroups = (
				FE0000000000000000000010 /* NextBody */,
			);
			name = NextBody;
			packageProductDependencies = (
				FE0000000000000000000301 /* GoogleSignIn */,
				FEC000000000000000000003 /* RevenueCat */,
				FEC000000000000000000004 /* RevenueCatUI */,
			);
			productName = NextBody;
			productReference = FE0000000000000000000001 /* NextBody.app */;
			productType = "com.apple.product-type.application";
		};
		FE0000000000000000000140 /* NextBodyUITests */ = {
			isa = PBXNativeTarget;
			buildConfigurationList = FE0000000000000000000150 /* Build configuration list for PBXNativeTarget "NextBodyUITests" */;
			buildPhases = (
				FE0000000000000000000121 /* Sources */,
				FE0000000000000000000120 /* Frameworks */,
			);
			buildRules = (
			);
			dependencies = (
			);
			fileSystemSynchronizedGroups = (
				FE0000000000000000000110 /* NextBodyUITests */,
			);
			name = NextBodyUITests;
			productName = NextBodyUITests;
			productReference = FE0000000000000000000101 /* NextBodyUITests.xctest */;
			productType = "com.apple.product-type.bundle.ui-testing";
		};
		FE0000000000000000000240 /* NextBodyLiveActivity */ = {
			isa = PBXNativeTarget;
			buildConfigurationList = FE0000000000000000000250 /* Build configuration list for PBXNativeTarget "NextBodyLiveActivity" */;
			buildPhases = (
				FE0000000000000000000221 /* Sources */,
				FE0000000000000000000220 /* Frameworks */,
				FE0000000000000000000222 /* Resources */,
			);
			buildRules = (
			);
			dependencies = (
			);
			fileSystemSynchronizedGroups = (
				FE0000000000000000000210 /* NextBodyLiveActivity */,
			);
			name = NextBodyLiveActivity;
			productName = NextBodyLiveActivity;
			productReference = FE0000000000000000000201 /* NextBodyLiveActivity.appex */;
			productType = "com.apple.product-type.app-extension";
		};
/* End PBXNativeTarget section */

/* Begin PBXProject section */
		FE0000000000000000000060 /* Project object */ = {
			isa = PBXProject;
			attributes = {
				BuildIndependentTargetsInParallel = 1;
				LastSwiftUpdateCheck = 2630;
				LastUpgradeCheck = 2630;
				TargetAttributes = {
					FE0000000000000000000040 = {
						CreatedOnToolsVersion = 26.3;
					};
					FE0000000000000000000140 = {
						CreatedOnToolsVersion = 26.3;
					};
					FE0000000000000000000240 = {
						CreatedOnToolsVersion = 26.3;
					};
				};
			};
			buildConfigurationList = FE0000000000000000000051 /* Build configuration list for PBXProject "NextBody" */;
			developmentRegion = en;
			hasScannedForEncodings = 0;
			knownRegions = (
				en,
				Base,
				"zh-Hans",
			);
			mainGroup = FE0000000000000000000030;
			minimizedProjectReferenceProxies = 1;
			packageReferences = (
				FEC000000000000000000005 /* XCRemoteSwiftPackageReference "purchases-ios-spm" */,
				FE0000000000000000000302 /* XCRemoteSwiftPackageReference "GoogleSignIn-iOS" */,
			);
			preferredProjectObjectVersion = 77;
			productRefGroup = FE0000000000000000000031 /* Products */;
			projectDirPath = "";
			projectRoot = "";
			targets = (
				FE0000000000000000000040 /* NextBody */,
				FE0000000000000000000240 /* NextBodyLiveActivity */,
				FE0000000000000000000140 /* NextBodyUITests */,
			);
		};
/* End PBXProject section */

/* Begin PBXResourcesBuildPhase section */
		FE0000000000000000000022 /* Resources */ = {
			isa = PBXResourcesBuildPhase;
			buildActionMask = 2147483647;
			files = (
			);
			runOnlyForDeploymentPostprocessing = 0;
		};
		FE0000000000000000000222 /* Resources */ = {
			isa = PBXResourcesBuildPhase;
			buildActionMask = 2147483647;
			files = (
			);
			runOnlyForDeploymentPostprocessing = 0;
		};
/* End PBXResourcesBuildPhase section */

/* Begin PBXShellScriptBuildPhase section */
		740129972202FAA10CA28326 /* Embed VeepooBleSDK (device only) */ = {
			isa = PBXShellScriptBuildPhase;
			alwaysOutOfDate = 1;
			buildActionMask = 2147483647;
			files = (
			);
			inputFileListPaths = (
			);
			inputPaths = (
			);
			name = "Embed VeepooBleSDK (device only)";
			outputFileListPaths = (
			);
			outputPaths = (
			);
			runOnlyForDeploymentPostprocessing = 0;
			shellPath = /bin/sh;
			shellScript = "if [ \"$PLATFORM_NAME\" != \"iphoneos\" ]; then echo \"skip on $PLATFORM_NAME\"; exit 0; fi\nDST=\"$BUILT_PRODUCTS_DIR/$FRAMEWORKS_FOLDER_PATH\"; mkdir -p \"$DST\"\nfor FW in \"$PROJECT_DIR\"/Frameworks/*.framework; do\n  BIN=\"$FW/$(basename \"$FW\" .framework)\"\n  # Static archives are already linked into the executable; installd rejects them under Frameworks/.\n  if file -b \"$BIN\" | grep -q \"ar archive\"; then echo \"skip static $(basename \"$FW\")\"; rm -rf \"$DST/$(basename \"$FW\")\"; continue; fi\n  rsync -a --delete \"$FW\" \"$DST/\"\n  # App Store rejects legacy bitcode in bundled vendor binaries.\n  EMBEDDED_BIN=\"$DST/$(basename \"$FW\")/$(basename \"$FW\" .framework)\"\n  xcrun bitcode_strip \"$EMBEDDED_BIN\" -r -o \"$EMBEDDED_BIN\" || exit 1\n  if [ -n \"$EXPANDED_CODE_SIGN_IDENTITY\" ]; then\n    codesign --force --sign \"$EXPANDED_CODE_SIGN_IDENTITY\" --timestamp=none \"$DST/$(basename \"$FW\")\"\n  fi\ndone\n";
		};
/* End PBXShellScriptBuildPhase section */

/* Begin PBXSourcesBuildPhase section */
		FE0000000000000000000021 /* Sources */ = {
			isa = PBXSourcesBuildPhase;
			buildActionMask = 2147483647;
			files = (
				FE0000000000000000000203 /* SessionAttributes.swift in Sources */,
				FE0000000000000000000407 /* WidgetBridge.swift in Sources */,
				3EFCE7376796A974E1FCA53C /* FMDatabaseQueue.m in Sources */,
				815F86CF9C5BC1F4BAA3BB86 /* FMDatabaseAdditions.m in Sources */,
				2455F8E1A8F19BFDBD0CBC26 /* FMDatabase.m in Sources */,
				AA5FF4AEFF975E525D67220C /* FMDatabasePool.m in Sources */,
				B88AD7EFAF49FAFE1DDE98B5 /* FMResultSet.m in Sources */,
				74128173F984778B853DD9B0 /* MJPropertyType.m in Sources */,
				ED485C1939AD04B9540CB23E /* NSObject+MJKeyValue.m in Sources */,
				15130A75880238D6029964A6 /* MJProperty.m in Sources */,
				4F918849DB868607775D7705 /* NSObject+MJCoding.m in Sources */,
				0D1FCD6270C9C1C526110940 /* MJExtensionConst.m in Sources */,
				C2DD782C7B8BF8185A0546E9 /* NSObject+MJProperty.m in Sources */,
				B7E63B6DA8052F4984CD23E6 /* NSObject+MJClass.m in Sources */,
				0E66FF9EC0F1E66CA80A4D7B /* NSString+MJExtension.m in Sources */,
				65934DD915B4E35D3C11A4D8 /* MJPropertyKey.m in Sources */,
				AAA171ED5343D72EAA9E7A78 /* MJFoundation.m in Sources */,
			);
			runOnlyForDeploymentPostprocessing = 0;
		};
		FE0000000000000000000121 /* Sources */ = {
			isa = PBXSourcesBuildPhase;
			buildActionMask = 2147483647;
			files = (
			);
			runOnlyForDeploymentPostprocessing = 0;
		};
		FE0000000000000000000221 /* Sources */ = {
			isa = PBXSourcesBuildPhase;
			buildActionMask = 2147483647;
			files = (
				FE0000000000000000000403 /* WidgetFaceMath.swift in Sources */,
				FE0000000000000000000405 /* FuelCardMath.swift in Sources */,
			);
			runOnlyForDeploymentPostprocessing = 0;
		};
/* End PBXSourcesBuildPhase section */

/* Begin PBXTargetDependency section */
		FE0000000000000000000290 /* PBXTargetDependency */ = {
			isa = PBXTargetDependency;
			target = FE0000000000000000000240 /* NextBodyLiveActivity */;
			targetProxy = FE0000000000000000000291 /* PBXContainerItemProxy */;
		};
/* End PBXTargetDependency section */

/* Begin XCBuildConfiguration section */
		FE0000000000000000000070 /* Debug */ = {
			isa = XCBuildConfiguration;
			baseConfigurationReference = FE0000000000000000000003 /* Local.xcconfig */;
			buildSettings = {
				ALWAYS_SEARCH_USER_PATHS = NO;
				ASSETCATALOG_COMPILER_GENERATE_SWIFT_ASSET_SYMBOL_EXTENSIONS = YES;
				CLANG_ENABLE_MODULES = YES;
				CLANG_ENABLE_OBJC_ARC = YES;
				COPY_PHASE_STRIP = NO;
				DEBUG_INFORMATION_FORMAT = dwarf;
				ENABLE_STRICT_OBJC_MSGSEND = YES;
				ENABLE_TESTABILITY = YES;
				GCC_C_LANGUAGE_STANDARD = gnu17;
				GCC_OPTIMIZATION_LEVEL = 0;
				GCC_PREPROCESSOR_DEFINITIONS = (
					"DEBUG=1",
					"$(inherited)",
				);
				IPHONEOS_DEPLOYMENT_TARGET = 17.0;
				MTL_ENABLE_DEBUG_INFO = INCLUDE_SOURCE;
				MTL_FAST_MATH = YES;
				ONLY_ACTIVE_ARCH = YES;
				SDKROOT = iphoneos;
				SWIFT_ACTIVE_COMPILATION_CONDITIONS = "DEBUG $(inherited)";
				SWIFT_OPTIMIZATION_LEVEL = "-Onone";
				SWIFT_VERSION = 5.0;
			};
			name = Debug;
		};
		FE0000000000000000000071 /* Release */ = {
			isa = XCBuildConfiguration;
			baseConfigurationReference = FE0000000000000000000003 /* Local.xcconfig */;
			buildSettings = {
				ALWAYS_SEARCH_USER_PATHS = NO;
				ASSETCATALOG_COMPILER_GENERATE_SWIFT_ASSET_SYMBOL_EXTENSIONS = YES;
				CLANG_ENABLE_MODULES = YES;
				CLANG_ENABLE_OBJC_ARC = YES;
				COPY_PHASE_STRIP = NO;
				DEBUG_INFORMATION_FORMAT = "dwarf-with-dsym";
				ENABLE_NS_ASSERTIONS = NO;
				ENABLE_STRICT_OBJC_MSGSEND = YES;
				GCC_C_LANGUAGE_STANDARD = gnu17;
				IPHONEOS_DEPLOYMENT_TARGET = 17.0;
				MTL_ENABLE_DEBUG_INFO = NO;
				MTL_FAST_MATH = YES;
				SDKROOT = iphoneos;
				SWIFT_COMPILATION_MODE = wholemodule;
				SWIFT_VERSION = 5.0;
				VALIDATE_PRODUCT = YES;
			};
			name = Release;
		};
		FE0000000000000000000072 /* Debug */ = {
			isa = XCBuildConfiguration;
			buildSettings = {
				ALWAYS_EMBED_SWIFT_STANDARD_LIBRARIES = YES;
				ASSETCATALOG_COMPILER_APPICON_NAME = AppIcon;
				ASSETCATALOG_COMPILER_GLOBAL_ACCENT_COLOR_NAME = AccentColor;
				CLANG_ENABLE_MODULES = YES;
				CODE_SIGN_ENTITLEMENTS = NextBody/NextBody.entitlements;
				CODE_SIGN_STYLE = Automatic;
				CURRENT_PROJECT_VERSION = 5;
				DEVELOPMENT_ASSET_PATHS = "";
				DEVELOPMENT_TEAM = BP7F7PYU33;
				ENABLE_PREVIEWS = YES;
				"FRAMEWORK_SEARCH_PATHS[sdk=iphoneos*]" = (
					"$(inherited)",
					"$(PROJECT_DIR)/Frameworks",
				);
				GCC_WARN_INHIBIT_ALL_WARNINGS = NO;
				GENERATE_INFOPLIST_FILE = NO;
				HEADER_SEARCH_PATHS = (
					"$(inherited)",
					"$(PROJECT_DIR)/Vendor/FMDB/src/fmdb",
					"$(PROJECT_DIR)/Vendor/MJExtension/MJExtension",
				);
				INFOPLIST_FILE = "NextBody-Info.plist";
				LD_RUNPATH_SEARCH_PATHS = (
					"$(inherited)",
					"@executable_path/Frameworks",
				);
				MARKETING_VERSION = 1.0;
				OTHER_LDFLAGS = (
					"$(inherited)",
					"-lsqlite3",
				);
				"OTHER_LDFLAGS[sdk=iphoneos*]" = (
					"$(inherited)",
					"-ObjC",
					"-framework",
					VeepooBleSDK,
					"-framework",
					ABParTool,
					"-framework",
					DFUnits,
					"-framework",
					GRDFUSDK,
					"-framework",
					JLDialUnit,
					"-framework",
					JL_BLEKit,
					"-framework",
					ZipZap,
				);
				PRODUCT_BUNDLE_IDENTIFIER = com.nextbody.hoop;
				PRODUCT_NAME = "$(TARGET_NAME)";
				SWIFT_EMIT_LOC_STRINGS = YES;
				TARGETED_DEVICE_FAMILY = 1;
			};
			name = Debug;
		};
		FE0000000000000000000073 /* Release */ = {
			isa = XCBuildConfiguration;
			buildSettings = {
				ALWAYS_EMBED_SWIFT_STANDARD_LIBRARIES = YES;
				ASSETCATALOG_COMPILER_APPICON_NAME = AppIcon;
				ASSETCATALOG_COMPILER_GLOBAL_ACCENT_COLOR_NAME = AccentColor;
				CLANG_ENABLE_MODULES = YES;
				CODE_SIGN_ENTITLEMENTS = NextBody/NextBody.Release.entitlements;
				CODE_SIGN_STYLE = Automatic;
				CURRENT_PROJECT_VERSION = 5;
				DEVELOPMENT_ASSET_PATHS = "";
				DEVELOPMENT_TEAM = BP7F7PYU33;
				ENABLE_PREVIEWS = YES;
				"FRAMEWORK_SEARCH_PATHS[sdk=iphoneos*]" = (
					"$(inherited)",
					"$(PROJECT_DIR)/Frameworks",
				);
				GCC_WARN_INHIBIT_ALL_WARNINGS = NO;
				GENERATE_INFOPLIST_FILE = NO;
				HEADER_SEARCH_PATHS = (
					"$(inherited)",
					"$(PROJECT_DIR)/Vendor/FMDB/src/fmdb",
					"$(PROJECT_DIR)/Vendor/MJExtension/MJExtension",
				);
				INFOPLIST_FILE = "NextBody-Info.plist";
				LD_RUNPATH_SEARCH_PATHS = (
					"$(inherited)",
					"@executable_path/Frameworks",
				);
				MARKETING_VERSION = 1.0;
				OTHER_LDFLAGS = (
					"$(inherited)",
					"-lsqlite3",
				);
				"OTHER_LDFLAGS[sdk=iphoneos*]" = (
					"$(inherited)",
					"-ObjC",
					"-framework",
					VeepooBleSDK,
					"-framework",
					ABParTool,
					"-framework",
					DFUnits,
					"-framework",
					GRDFUSDK,
					"-framework",
					JLDialUnit,
					"-framework",
					JL_BLEKit,
					"-framework",
					ZipZap,
				);
				PRODUCT_BUNDLE_IDENTIFIER = com.nextbody.hoop;
				PRODUCT_NAME = "$(TARGET_NAME)";
				SWIFT_EMIT_LOC_STRINGS = YES;
				TARGETED_DEVICE_FAMILY = 1;
			};
			name = Release;
		};
		FE0000000000000000000172 /* Debug */ = {
			isa = XCBuildConfiguration;
			buildSettings = {
				CODE_SIGN_STYLE = Automatic;
				GENERATE_INFOPLIST_FILE = YES;
				IPHONEOS_DEPLOYMENT_TARGET = 17.0;
				PRODUCT_BUNDLE_IDENTIFIER = com.nextbody.hoop.uitests;
				PRODUCT_NAME = "$(TARGET_NAME)";
				SWIFT_EMIT_LOC_STRINGS = NO;
				SWIFT_VERSION = 5.0;
				TARGETED_DEVICE_FAMILY = 1;
				TEST_TARGET_NAME = NextBody;
			};
			name = Debug;
		};
		FE0000000000000000000173 /* Release */ = {
			isa = XCBuildConfiguration;
			buildSettings = {
				CODE_SIGN_STYLE = Automatic;
				GENERATE_INFOPLIST_FILE = YES;
				IPHONEOS_DEPLOYMENT_TARGET = 17.0;
				PRODUCT_BUNDLE_IDENTIFIER = com.nextbody.hoop.uitests;
				PRODUCT_NAME = "$(TARGET_NAME)";
				SWIFT_EMIT_LOC_STRINGS = NO;
				SWIFT_VERSION = 5.0;
				TARGETED_DEVICE_FAMILY = 1;
				TEST_TARGET_NAME = NextBody;
			};
			name = Release;
		};
		FE0000000000000000000272 /* Debug */ = {
			isa = XCBuildConfiguration;
			buildSettings = {
				CODE_SIGN_ENTITLEMENTS = NextBodyLiveActivity/NextBodyLiveActivity.entitlements;
				CODE_SIGN_STYLE = Automatic;
				CURRENT_PROJECT_VERSION = 5;
				DEVELOPMENT_TEAM = BP7F7PYU33;
				ENABLE_PREVIEWS = YES;
				GENERATE_INFOPLIST_FILE = NO;
				INFOPLIST_FILE = "NextBodyLiveActivity-Info.plist";
				IPHONEOS_DEPLOYMENT_TARGET = 17.0;
				LD_RUNPATH_SEARCH_PATHS = (
					"$(inherited)",
					"@executable_path/Frameworks",
					"@executable_path/../../Frameworks",
				);
				MARKETING_VERSION = 1.0;
				PRODUCT_BUNDLE_IDENTIFIER = com.nextbody.hoop.LiveActivity;
				PRODUCT_NAME = "$(TARGET_NAME)";
				SKIP_INSTALL = YES;
				SWIFT_EMIT_LOC_STRINGS = YES;
				TARGETED_DEVICE_FAMILY = 1;
			};
			name = Debug;
		};
		FE0000000000000000000273 /* Release */ = {
			isa = XCBuildConfiguration;
			buildSettings = {
				CODE_SIGN_ENTITLEMENTS = NextBodyLiveActivity/NextBodyLiveActivity.entitlements;
				CODE_SIGN_STYLE = Automatic;
				CURRENT_PROJECT_VERSION = 5;
				DEVELOPMENT_TEAM = BP7F7PYU33;
				ENABLE_PREVIEWS = YES;
				GENERATE_INFOPLIST_FILE = NO;
				INFOPLIST_FILE = "NextBodyLiveActivity-Info.plist";
				IPHONEOS_DEPLOYMENT_TARGET = 17.0;
				LD_RUNPATH_SEARCH_PATHS = (
					"$(inherited)",
					"@executable_path/Frameworks",
					"@executable_path/../../Frameworks",
				);
				MARKETING_VERSION = 1.0;
				PRODUCT_BUNDLE_IDENTIFIER = com.nextbody.hoop.LiveActivity;
				PRODUCT_NAME = "$(TARGET_NAME)";
				SKIP_INSTALL = YES;
				SWIFT_EMIT_LOC_STRINGS = YES;
				TARGETED_DEVICE_FAMILY = 1;
			};
			name = Release;
		};
/* End XCBuildConfiguration section */

/* Begin XCConfigurationList section */
		FE0000000000000000000050 /* Build configuration list for PBXNativeTarget "NextBody" */ = {
			isa = XCConfigurationList;
			buildConfigurations = (
				FE0000000000000000000072 /* Debug */,
				FE0000000000000000000073 /* Release */,
			);
			defaultConfigurationIsVisible = 0;
			defaultConfigurationName = Release;
		};
		FE0000000000000000000051 /* Build configuration list for PBXProject "NextBody" */ = {
			isa = XCConfigurationList;
			buildConfigurations = (
				FE0000000000000000000070 /* Debug */,
				FE0000000000000000000071 /* Release */,
			);
			defaultConfigurationIsVisible = 0;
			defaultConfigurationName = Release;
		};
		FE0000000000000000000150 /* Build configuration list for PBXNativeTarget "NextBodyUITests" */ = {
			isa = XCConfigurationList;
			buildConfigurations = (
				FE0000000000000000000172 /* Debug */,
				FE0000000000000000000173 /* Release */,
			);
			defaultConfigurationIsVisible = 0;
			defaultConfigurationName = Release;
		};
		FE0000000000000000000250 /* Build configuration list for PBXNativeTarget "NextBodyLiveActivity" */ = {
			isa = XCConfigurationList;
			buildConfigurations = (
				FE0000000000000000000272 /* Debug */,
				FE0000000000000000000273 /* Release */,
			);
			defaultConfigurationIsVisible = 0;
			defaultConfigurationName = Release;
		};
/* End XCConfigurationList section */

/* Begin XCRemoteSwiftPackageReference section */
		FE0000000000000000000302 /* XCRemoteSwiftPackageReference "GoogleSignIn-iOS" */ = {
			isa = XCRemoteSwiftPackageReference;
			repositoryURL = "https://github.com/google/GoogleSignIn-iOS";
			requirement = {
				kind = upToNextMajorVersion;
				minimumVersion = 10.0.0;
			};
		};
		FEC000000000000000000005 /* XCRemoteSwiftPackageReference "purchases-ios-spm" */ = {
			isa = XCRemoteSwiftPackageReference;
			repositoryURL = "https://github.com/RevenueCat/purchases-ios-spm.git";
			requirement = {
				kind = exactVersion;
				version = 5.89.0;
			};
		};
/* End XCRemoteSwiftPackageReference section */

/* Begin XCSwiftPackageProductDependency section */
		FE0000000000000000000301 /* GoogleSignIn */ = {
			isa = XCSwiftPackageProductDependency;
			package = FE0000000000000000000302 /* XCRemoteSwiftPackageReference "GoogleSignIn-iOS" */;
			productName = GoogleSignIn;
		};
		FEC000000000000000000003 /* RevenueCat */ = {
			isa = XCSwiftPackageProductDependency;
			package = FEC000000000000000000005 /* XCRemoteSwiftPackageReference "purchases-ios-spm" */;
			productName = RevenueCat;
		};
		FEC000000000000000000004 /* RevenueCatUI */ = {
			isa = XCSwiftPackageProductDependency;
			package = FEC000000000000000000005 /* XCRemoteSwiftPackageReference "purchases-ios-spm" */;
			productName = RevenueCatUI;
		};
/* End XCSwiftPackageProductDependency section */
	};
	rootObject = FE0000000000000000000060 /* Project object */;
}
